{
    "version": 3,
    "terraform_version": "0.11.13",
    "serial": 45,
    "lineage": "44b10459-25f6-ac89-b068-12099e8b21ef",
    "modules": [
        {
            "path": [
                "root"
            ],
            "outputs": {},
            "resources": {
                "aws_instance.Dev": {
                    "type": "aws_instance",
                    "depends_on": [
                        "aws_security_group.ec2-allow-all"
                    ],
                    "primary": {
                        "id": "i-00618272839310ccf",
                        "attributes": {
                            "ami": "ami-0f0fb38cd5492b1aa",
                            "arn": "arn:aws:ec2:eu-central-1:124429370407:instance/i-00618272839310ccf",
                            "associate_public_ip_address": "true",
                            "availability_zone": "eu-central-1b",
                            "cpu_core_count": "1",
                            "cpu_threads_per_core": "1",
                            "credit_specification.#": "1",
                            "credit_specification.0.cpu_credits": "standard",
                            "disable_api_termination": "false",
                            "ebs_block_device.#": "0",
                            "ebs_optimized": "false",
                            "ephemeral_block_device.#": "0",
                            "get_password_data": "false",
                            "iam_instance_profile": "",
                            "id": "i-00618272839310ccf",
                            "instance_state": "running",
                            "instance_type": "t2.micro",
                            "ipv6_address_count": "0",
                            "ipv6_addresses.#": "0",
                            "key_name": "mal-ops-adm",
                            "monitoring": "false",
                            "network_interface.#": "0",
                            "password_data": "",
                            "placement_group": "",
                            "primary_network_interface_id": "eni-051df9bd8451d88a8",
                            "private_dns": "ip-172-31-38-111.eu-central-1.compute.internal",
                            "private_ip": "172.31.38.111",
                            "public_dns": "ec2-3-121-224-19.eu-central-1.compute.amazonaws.com",
                            "public_ip": "3.121.224.19",
                            "root_block_device.#": "1",
                            "root_block_device.0.delete_on_termination": "true",
                            "root_block_device.0.iops": "100",
                            "root_block_device.0.volume_id": "vol-0504d13d662167a2a",
                            "root_block_device.0.volume_size": "8",
                            "root_block_device.0.volume_type": "gp2",
                            "security_groups.#": "1",
                            "security_groups.769307508": "ec2-allow-all",
                            "source_dest_check": "true",
                            "subnet_id": "subnet-a5e5bcd8",
                            "tags.%": "1",
                            "tags.Name": "mal-ops-adam-dev",
                            "tenancy": "default",
                            "volume_tags.%": "0",
                            "vpc_security_group_ids.#": "1",
                            "vpc_security_group_ids.3146907627": "sg-0ca5ae6051d533a98"
                        },
                        "meta": {
                            "e2bfb730-ecaa-11e6-8f88-34363bc7c4c0": {
                                "create": 600000000000,
                                "delete": 1200000000000,
                                "update": 600000000000
                            },
                            "schema_version": "1"
                        },
                        "tainted": false
                    },
                    "deposed": [],
                    "provider": "provider.aws"
                },
                "aws_instance.Production": {
                    "type": "aws_instance",
                    "depends_on": [
                        "aws_security_group.ec2-allow-all"
                    ],
                    "primary": {
                        "id": "i-08adaabf83a69d20d",
                        "attributes": {
                            "ami": "ami-0f0fb38cd5492b1aa",
                            "arn": "arn:aws:ec2:eu-central-1:124429370407:instance/i-08adaabf83a69d20d",
                            "associate_public_ip_address": "true",
                            "availability_zone": "eu-central-1b",
                            "cpu_core_count": "1",
                            "cpu_threads_per_core": "1",
                            "credit_specification.#": "1",
                            "credit_specification.0.cpu_credits": "standard",
                            "disable_api_termination": "false",
                            "ebs_block_device.#": "0",
                            "ebs_optimized": "false",
                            "ephemeral_block_device.#": "0",
                            "get_password_data": "false",
                            "iam_instance_profile": "",
                            "id": "i-08adaabf83a69d20d",
                            "instance_state": "running",
                            "instance_type": "t2.micro",
                            "ipv6_address_count": "0",
                            "ipv6_addresses.#": "0",
                            "key_name": "mal-ops-adm",
                            "monitoring": "false",
                            "network_interface.#": "0",
                            "password_data": "",
                            "placement_group": "",
                            "primary_network_interface_id": "eni-08313a4630aa0394f",
                            "private_dns": "ip-172-31-42-21.eu-central-1.compute.internal",
                            "private_ip": "172.31.42.21",
                            "public_dns": "ec2-18-185-21-46.eu-central-1.compute.amazonaws.com",
                            "public_ip": "18.185.21.46",
                            "root_block_device.#": "1",
                            "root_block_device.0.delete_on_termination": "true",
                            "root_block_device.0.iops": "100",
                            "root_block_device.0.volume_id": "vol-021e56178eb776c7e",
                            "root_block_device.0.volume_size": "8",
                            "root_block_device.0.volume_type": "gp2",
                            "security_groups.#": "1",
                            "security_groups.769307508": "ec2-allow-all",
                            "source_dest_check": "true",
                            "subnet_id": "subnet-a5e5bcd8",
                            "tags.%": "1",
                            "tags.Name": "mal-ops-adam-production",
                            "tenancy": "default",
                            "volume_tags.%": "0",
                            "vpc_security_group_ids.#": "1",
                            "vpc_security_group_ids.3146907627": "sg-0ca5ae6051d533a98"
                        },
                        "meta": {
                            "e2bfb730-ecaa-11e6-8f88-34363bc7c4c0": {
                                "create": 600000000000,
                                "delete": 1200000000000,
                                "update": 600000000000
                            },
                            "schema_version": "1"
                        },
                        "tainted": false
                    },
                    "deposed": [],
                    "provider": "provider.aws"
                },
                "aws_instance.staging": {
                    "type": "aws_instance",
                    "depends_on": [
                        "aws_security_group.ec2-allow-all"
                    ],
                    "primary": {
                        "id": "i-02fa0188f694179e6",
                        "attributes": {
                            "ami": "ami-0f0fb38cd5492b1aa",
                            "arn": "arn:aws:ec2:eu-central-1:124429370407:instance/i-02fa0188f694179e6",
                            "associate_public_ip_address": "true",
                            "availability_zone": "eu-central-1b",
                            "cpu_core_count": "1",
                            "cpu_threads_per_core": "1",
                            "credit_specification.#": "1",
                            "credit_specification.0.cpu_credits": "standard",
                            "disable_api_termination": "false",
                            "ebs_block_device.#": "0",
                            "ebs_optimized": "false",
                            "ephemeral_block_device.#": "0",
                            "get_password_data": "false",
                            "iam_instance_profile": "",
                            "id": "i-02fa0188f694179e6",
                            "instance_state": "running",
                            "instance_type": "t2.micro",
                            "ipv6_address_count": "0",
                            "ipv6_addresses.#": "0",
                            "key_name": "mal-ops-adm",
                            "monitoring": "false",
                            "network_interface.#": "0",
                            "password_data": "",
                            "placement_group": "",
                            "primary_network_interface_id": "eni-0f42a97e032281e8b",
                            "private_dns": "ip-172-31-32-110.eu-central-1.compute.internal",
                            "private_ip": "172.31.32.110",
                            "public_dns": "ec2-18-195-52-213.eu-central-1.compute.amazonaws.com",
                            "public_ip": "18.195.52.213",
                            "root_block_device.#": "1",
                            "root_block_device.0.delete_on_termination": "true",
                            "root_block_device.0.iops": "100",
                            "root_block_device.0.volume_id": "vol-012128e252ca34b03",
                            "root_block_device.0.volume_size": "8",
                            "root_block_device.0.volume_type": "gp2",
                            "security_groups.#": "1",
                            "security_groups.769307508": "ec2-allow-all",
                            "source_dest_check": "true",
                            "subnet_id": "subnet-a5e5bcd8",
                            "tags.%": "1",
                            "tags.Name": "mal-ops-adam-staging",
                            "tenancy": "default",
                            "volume_tags.%": "0",
                            "vpc_security_group_ids.#": "1",
                            "vpc_security_group_ids.3146907627": "sg-0ca5ae6051d533a98"
                        },
                        "meta": {
                            "e2bfb730-ecaa-11e6-8f88-34363bc7c4c0": {
                                "create": 600000000000,
                                "delete": 1200000000000,
                                "update": 600000000000
                            },
                            "schema_version": "1"
                        },
                        "tainted": false
                    },
                    "deposed": [],
                    "provider": "provider.aws"
                },
                "aws_security_group.ec2-allow-all": {
                    "type": "aws_security_group",
                    "depends_on": [],
                    "primary": {
                        "id": "sg-0ca5ae6051d533a98",
                        "attributes": {
                            "arn": "arn:aws:ec2:eu-central-1:124429370407:security-group/sg-0ca5ae6051d533a98",
                            "description": "Managed by Terraform",
                            "egress.#": "1",
                            "egress.482069346.cidr_blocks.#": "1",
                            "egress.482069346.cidr_blocks.0": "0.0.0.0/0",
                            "egress.482069346.description": "",
                            "egress.482069346.from_port": "0",
                            "egress.482069346.ipv6_cidr_blocks.#": "0",
                            "egress.482069346.prefix_list_ids.#": "0",
                            "egress.482069346.protocol": "-1",
                            "egress.482069346.security_groups.#": "0",
                            "egress.482069346.self": "false",
                            "egress.482069346.to_port": "0",
                            "id": "sg-0ca5ae6051d533a98",
                            "ingress.#": "2",
                            "ingress.2541437006.cidr_blocks.#": "1",
                            "ingress.2541437006.cidr_blocks.0": "0.0.0.0/0",
                            "ingress.2541437006.description": "",
                            "ingress.2541437006.from_port": "22",
                            "ingress.2541437006.ipv6_cidr_blocks.#": "0",
                            "ingress.2541437006.prefix_list_ids.#": "0",
                            "ingress.2541437006.protocol": "tcp",
                            "ingress.2541437006.security_groups.#": "0",
                            "ingress.2541437006.self": "false",
                            "ingress.2541437006.to_port": "22",
                            "ingress.3464325719.cidr_blocks.#": "1",
                            "ingress.3464325719.cidr_blocks.0": "0.0.0.0/0",
                            "ingress.3464325719.description": "",
                            "ingress.3464325719.from_port": "9005",
                            "ingress.3464325719.ipv6_cidr_blocks.#": "0",
                            "ingress.3464325719.prefix_list_ids.#": "0",
                            "ingress.3464325719.protocol": "tcp",
                            "ingress.3464325719.security_groups.#": "0",
                            "ingress.3464325719.self": "false",
                            "ingress.3464325719.to_port": "9005",
                            "name": "ec2-allow-all",
                            "owner_id": "124429370407",
                            "revoke_rules_on_delete": "false",
                            "tags.%": "0",
                            "vpc_id": "vpc-2038024b"
                        },
                        "meta": {
                            "e2bfb730-ecaa-11e6-8f88-34363bc7c4c0": {
                                "create": 600000000000,
                                "delete": 600000000000
                            },
                            "schema_version": "1"
                        },
                        "tainted": false
                    },
                    "deposed": [],
                    "provider": "provider.aws"
                }
            },
            "depends_on": []
        }
    ]
}
